
Microsoft Visual Studio Solution File, Format Version 12.00
# Visual Studio Version 17
VisualStudioVersion = 17.1.32407.343
MinimumVisualStudioVersion = 10.0.40219.1
Project("{9A19103F-16F7-4668-BE54-9A1E7A4F7556}") = "FunctionApp2", "FunctionApp2.csproj", "{6B8739B1-C086-4EF7-B148-2847131E0D90}"
EndProject
Project("{9092AA53-FB77-4645-B42D-1CCCA6BD08BD}") = "webapp", "webapp\webapp.njsproj", "{BC1136FE-AFE8-4D40-A734-64A72433A964}"
EndProject
Project("{2150E333-8FDC-42A3-9474-1A3956D46DE8}") = "Solution Items", "Solution Items", "{AEB7A1F8-01AE-43FD-A81A-B93B1ADEAC1F}"
EndProject
Global
	GlobalSection(SolutionConfigurationPlatforms) = preSolution
		Debug|Any CPU = Debug|Any CPU
		Debug|iPhone = Debug|iPhone
		Debug|iPhoneSimulator = Debug|iPhoneSimulator
		Release|Any CPU = Release|Any CPU
		Release|iPhone = Release|iPhone
		Release|iPhoneSimulator = Release|iPhoneSimulator
	EndGlobalSection
	GlobalSection(ProjectConfigurationPlatforms) = postSolution
		{6B8739B1-C086-4EF7-B148-2847131E0D90}.Debug|Any CPU.ActiveCfg = Debug|Any CPU
		{6B8739B1-C086-4EF7-B148-2847131E0D90}.Debug|Any CPU.Build.0 = Debug|Any CPU
		{6B8739B1-C086-4EF7-B148-2847131E0D90}.Debug|iPhone.ActiveCfg = Debug|Any CPU
		{6B8739B1-C086-4EF7-B148-2847131E0D90}.Debug|iPhone.Build.0 = Debug|Any CPU
		{6B8739B1-C086-4EF7-B148-2847131E0D90}.Debug|iPhoneSimulator.ActiveCfg = Debug|Any CPU
		{6B8739B1-C086-4EF7-B148-2847131E0D90}.Debug|iPhoneSimulator.Build.0 = Debug|Any CPU
		{6B8739B1-C086-4EF7-B148-2847131E0D90}.Release|Any CPU.ActiveCfg = Release|Any CPU
		{6B8739B1-C086-4EF7-B148-2847131E0D90}.Release|Any CPU.Build.0 = Release|Any CPU
		{6B8739B1-C086-4EF7-B148-2847131E0D90}.Release|iPhone.ActiveCfg = Release|Any CPU
		{6B8739B1-C086-4EF7-B148-2847131E0D90}.Release|iPhone.Build.0 = Release|Any CPU
		{6B8739B1-C086-4EF7-B148-2847131E0D90}.Release|iPhoneSimulator.ActiveCfg = Release|Any CPU
		{6B8739B1-C086-4EF7-B148-2847131E0D90}.Release|iPhoneSimulator.Build.0 = Release|Any CPU
		{BC1136FE-AFE8-4D40-A734-64A72433A964}.Debug|Any CPU.ActiveCfg = Debug|Any CPU
		{BC1136FE-AFE8-4D40-A734-64A72433A964}.Debug|Any CPU.Build.0 = Debug|Any CPU
		{BC1136FE-AFE8-4D40-A734-64A72433A964}.Debug|iPhone.ActiveCfg = Debug|Any CPU
		{BC1136FE-AFE8-4D40-A734-64A72433A964}.Debug|iPhone.Build.0 = Debug|Any CPU
		{BC1136FE-AFE8-4D40-A734-64A72433A964}.Debug|iPhoneSimulator.ActiveCfg = Debug|Any CPU
		{BC1136FE-AFE8-4D40-A734-64A72433A964}.Debug|iPhoneSimulator.Build.0 = Debug|Any CPU
		{BC1136FE-AFE8-4D40-A734-64A72433A964}.Release|Any CPU.ActiveCfg = Release|Any CPU
		{BC1136FE-AFE8-4D40-A734-64A72433A964}.Release|Any CPU.Build.0 = Release|Any CPU
		{BC1136FE-AFE8-4D40-A734-64A72433A964}.Release|iPhone.ActiveCfg = Release|Any CPU
		{BC1136FE-AFE8-4D40-A734-64A72433A964}.Release|iPhone.Build.0 = Release|Any CPU
		{BC1136FE-AFE8-4D40-A734-64A72433A964}.Release|iPhoneSimulator.ActiveCfg = Release|Any CPU
		{BC1136FE-AFE8-4D40-A734-64A72433A964}.Release|iPhoneSimulator.Build.0 = Release|Any CPU
	EndGlobalSection
	GlobalSection(SolutionProperties) = preSolution
		HideSolutionNode = FALSE
	EndGlobalSection
	GlobalSection(ExtensibilityGlobals) = postSolution
		SolutionGuid = {9FD8AD38-3C6E-43E6-87CB-0E0241AD55FD}
	EndGlobalSection
EndGlobal
